
Microsoft Visual Studio Solution File, Format Version 12.00
# Visual Studio Version 17
VisualStudioVersion = 17.12.35707.178 d17.12
MinimumVisualStudioVersion = 10.0.40219.1
Project("{FAE04EC0-301F-11D3-BF4B-00C04F79EFBC}") = "WebFile.Server", "WebFile.Server\WebFile.Server.csproj", "{F763E621-F811-44BB-B273-5A759120C2B6}"
EndProject
Project("{FAE04EC0-301F-11D3-BF4B-00C04F79EFBC}") = "WebFile.StorageBrokker", "WebFile.StorageBrokker\WebFile.StorageBrokker.csproj", "{763BDDD1-47AB-4983-9634-407BA4FCEB15}"
EndProject
Project("{FAE04EC0-301F-11D3-BF4B-00C04F79EFBC}") = "WebFile.Service", "WebFile.Service\WebFile.Service.csproj", "{0CEA7F42-D090-4EB4-B627-5E61B44CBAF2}"
EndProject
Global
	GlobalSection(SolutionConfigurationPlatforms) = preSolution
		Debug|Any CPU = Debug|Any CPU
		Release|Any CPU = Release|Any CPU
	EndGlobalSection
	GlobalSection(ProjectConfigurationPlatforms) = postSolution
		{F763E621-F811-44BB-B273-5A759120C2B6}.Debug|Any CPU.ActiveCfg = Debug|Any CPU
		{F763E621-F811-44BB-B273-5A759120C2B6}.Debug|Any CPU.Build.0 = Debug|Any CPU
		{F763E621-F811-44BB-B273-5A759120C2B6}.Release|Any CPU.ActiveCfg = Release|Any CPU
		{F763E621-F811-44BB-B273-5A759120C2B6}.Release|Any CPU.Build.0 = Release|Any CPU
		{763BDDD1-47AB-4983-9634-407BA4FCEB15}.Debug|Any CPU.ActiveCfg = Debug|Any CPU
		{763BDDD1-47AB-4983-9634-407BA4FCEB15}.Debug|Any CPU.Build.0 = Debug|Any CPU
		{763BDDD1-47AB-4983-9634-407BA4FCEB15}.Release|Any CPU.ActiveCfg = Release|Any CPU
		{763BDDD1-47AB-4983-9634-407BA4FCEB15}.Release|Any CPU.Build.0 = Release|Any CPU
		{0CEA7F42-D090-4EB4-B627-5E61B44CBAF2}.Debug|Any CPU.ActiveCfg = Debug|Any CPU
		{0CEA7F42-D090-4EB4-B627-5E61B44CBAF2}.Debug|Any CPU.Build.0 = Debug|Any CPU
		{0CEA7F42-D090-4EB4-B627-5E61B44CBAF2}.Release|Any CPU.ActiveCfg = Release|Any CPU
		{0CEA7F42-D090-4EB4-B627-5E61B44CBAF2}.Release|Any CPU.Build.0 = Release|Any CPU
	EndGlobalSection
	GlobalSection(SolutionProperties) = preSolution
		HideSolutionNode = FALSE
	EndGlobalSection
EndGlobal
