
Microsoft Visual Studio Solution File, Format Version 12.00
# Visual Studio Version 17
VisualStudioVersion = 17.12.35707.178 d17.12
MinimumVisualStudioVersion = 10.0.40219.1
Project("{FAE04EC0-301F-11D3-BF4B-00C04F79EFBC}") = "MovieCRUD.Server", "MovieCRUD\MovieCRUD.Server.csproj", "{58E376D3-F7B9-4A41-ACCB-B5D3D30D31DE}"
EndProject
Project("{FAE04EC0-301F-11D3-BF4B-00C04F79EFBC}") = "MovieCRUD.Service", "MovieCRUD.Service\MovieCRUD.Service.csproj", "{1C44702C-601B-4B4A-9429-DA7AD2DDCA95}"
EndProject
Project("{FAE04EC0-301F-11D3-BF4B-00C04F79EFBC}") = "MovieCRUD.DataAccess", "MovieCRUD.DataAccess\MovieCRUD.DataAccess.csproj", "{43F8C57C-E857-4E4B-8347-4896B0E140EE}"
EndProject
Project("{FAE04EC0-301F-11D3-BF4B-00C04F79EFBC}") = "MovieCRUD.Repository", "MovieCRUD.Repository\MovieCRUD.Repository.csproj", "{BFE0D26E-01B3-46DD-83C9-310421185448}"
EndProject
Global
	GlobalSection(SolutionConfigurationPlatforms) = preSolution
		Debug|Any CPU = Debug|Any CPU
		Release|Any CPU = Release|Any CPU
	EndGlobalSection
	GlobalSection(ProjectConfigurationPlatforms) = postSolution
		{58E376D3-F7B9-4A41-ACCB-B5D3D30D31DE}.Debug|Any CPU.ActiveCfg = Debug|Any CPU
		{58E376D3-F7B9-4A41-ACCB-B5D3D30D31DE}.Debug|Any CPU.Build.0 = Debug|Any CPU
		{58E376D3-F7B9-4A41-ACCB-B5D3D30D31DE}.Release|Any CPU.ActiveCfg = Release|Any CPU
		{58E376D3-F7B9-4A41-ACCB-B5D3D30D31DE}.Release|Any CPU.Build.0 = Release|Any CPU
		{1C44702C-601B-4B4A-9429-DA7AD2DDCA95}.Debug|Any CPU.ActiveCfg = Debug|Any CPU
		{1C44702C-601B-4B4A-9429-DA7AD2DDCA95}.Debug|Any CPU.Build.0 = Debug|Any CPU
		{1C44702C-601B-4B4A-9429-DA7AD2DDCA95}.Release|Any CPU.ActiveCfg = Release|Any CPU
		{1C44702C-601B-4B4A-9429-DA7AD2DDCA95}.Release|Any CPU.Build.0 = Release|Any CPU
		{43F8C57C-E857-4E4B-8347-4896B0E140EE}.Debug|Any CPU.ActiveCfg = Debug|Any CPU
		{43F8C57C-E857-4E4B-8347-4896B0E140EE}.Debug|Any CPU.Build.0 = Debug|Any CPU
		{43F8C57C-E857-4E4B-8347-4896B0E140EE}.Release|Any CPU.ActiveCfg = Release|Any CPU
		{43F8C57C-E857-4E4B-8347-4896B0E140EE}.Release|Any CPU.Build.0 = Release|Any CPU
		{BFE0D26E-01B3-46DD-83C9-310421185448}.Debug|Any CPU.ActiveCfg = Debug|Any CPU
		{BFE0D26E-01B3-46DD-83C9-310421185448}.Debug|Any CPU.Build.0 = Debug|Any CPU
		{BFE0D26E-01B3-46DD-83C9-310421185448}.Release|Any CPU.ActiveCfg = Release|Any CPU
		{BFE0D26E-01B3-46DD-83C9-310421185448}.Release|Any CPU.Build.0 = Release|Any CPU
	EndGlobalSection
	GlobalSection(SolutionProperties) = preSolution
		HideSolutionNode = FALSE
	EndGlobalSection
EndGlobal
